// !$*UTF8*$!
{
	archiveVersion = 1;
	classes = {
	};
	objectVersion = 46;
	objects = {

/* Begin PBXBuildFile section */
		300CEF211E977CD7007A6AF8 /* Assets.xcassets in Resources */ = {isa = PBXBuildFile; fileRef = 300CEF201E977CD6007A6AF8 /* Assets.xcassets */; };
		300CEF251E97C18E007A6AF8 /* EditingToolTableViewCell.swift in Sources */ = {isa = PBXBuildFile; fileRef = 300CEF241E97C18E007A6AF8 /* EditingToolTableViewCell.swift */; };
		30823E981E973D4600653582 /* CustomViewControllerAnimatedTransitioning.swift in Sources */ = {isa = PBXBuildFile; fileRef = 30823E971E973D4600653582 /* CustomViewControllerAnimatedTransitioning.swift */; };
		30A6B6DA1E96558700539C67 /* AppDelegate.swift in Sources */ = {isa = PBXBuildFile; fileRef = 30A6B6D91E96558700539C67 /* AppDelegate.swift */; };
		30A6B6E41E96558700539C67 /* LaunchScreen.storyboard in Resources */ = {isa = PBXBuildFile; fileRef = 30A6B6E21E96558700539C67 /* LaunchScreen.storyboard */; };
		30A6B6EC1E9655F200539C67 /* MainViewController.swift in Sources */ = {isa = PBXBuildFile; fileRef = 30A6B6EB1E9655F200539C67 /* MainViewController.swift */; };
		30A6B6EE1E96920700539C67 /* VideoEditorViewController.swift in Sources */ = {isa = PBXBuildFile; fileRef = 30A6B6ED1E96920700539C67 /* VideoEditorViewController.swift */; };
		30A6B6F01E9695BD00539C67 /* VideoPlayerView.swift in Sources */ = {isa = PBXBuildFile; fileRef = 30A6B6EF1E9695BD00539C67 /* VideoPlayerView.swift */; };
		30AC8F211E9A8FE00028A68E /* AVKit.framework in Frameworks */ = {isa = PBXBuildFile; fileRef = 30AC8F201E9A8FE00028A68E /* AVKit.framework */; settings = {ATTRIBUTES = (Weak, ); }; };
		30AC8F231E9A8FE50028A68E /* AVFoundation.framework in Frameworks */ = {isa = PBXBuildFile; fileRef = 30AC8F221E9A8FE50028A68E /* AVFoundation.framework */; };
		30AC8F251E9A8FEC0028A68E /* MobileCoreServices.framework in Frameworks */ = {isa = PBXBuildFile; fileRef = 30AC8F241E9A8FEC0028A68E /* MobileCoreServices.framework */; };
		30AC8F271E9A90020028A68E /* Photos.framework in Frameworks */ = {isa = PBXBuildFile; fileRef = 30AC8F261E9A90020028A68E /* Photos.framework */; };
		30AC8F291E9A903B0028A68E /* UIKit.framework in Frameworks */ = {isa = PBXBuildFile; fileRef = 30AC8F281E9A903B0028A68E /* UIKit.framework */; };
		30C83C4D1E99E4F60003E8DF /* EffectsView.swift in Sources */ = {isa = PBXBuildFile; fileRef = 30C83C4C1E99E4F60003E8DF /* EffectsView.swift */; };
		30C83C521E9A1A680003E8DF /* AddStickerView.swift in Sources */ = {isa = PBXBuildFile; fileRef = 30C83C511E9A1A680003E8DF /* AddStickerView.swift */; };
		30C83C541E9A25C10003E8DF /* PreviewStickerCollectionViewCell.swift in Sources */ = {isa = PBXBuildFile; fileRef = 30C83C531E9A25C10003E8DF /* PreviewStickerCollectionViewCell.swift */; };
		30C83C561E9A2ECF0003E8DF /* PreviewEffectsCollectionViewCell.swift in Sources */ = {isa = PBXBuildFile; fileRef = 30C83C551E9A2ECF0003E8DF /* PreviewEffectsCollectionViewCell.swift */; };
		30EFFBBD1E992E5B00EF7D82 /* AddTextView.swift in Sources */ = {isa = PBXBuildFile; fileRef = 30EFFBBC1E992E5B00EF7D82 /* AddTextView.swift */; };
		30EFFBBF1E99349200EF7D82 /* PreviewPositionCollectionViewCell.swift in Sources */ = {isa = PBXBuildFile; fileRef = 30EFFBBE1E99349200EF7D82 /* PreviewPositionCollectionViewCell.swift */; };
/* End PBXBuildFile section */

/* Begin PBXFileReference section */
		300CEF201E977CD6007A6AF8 /* Assets.xcassets */ = {isa = PBXFileReference; lastKnownFileType = folder.assetcatalog; path = Assets.xcassets; sourceTree = "<group>"; };
		300CEF241E97C18E007A6AF8 /* EditingToolTableViewCell.swift */ = {isa = PBXFileReference; fileEncoding = 4; lastKnownFileType = sourcecode.swift; path = EditingToolTableViewCell.swift; sourceTree = "<group>"; };
		30823E971E973D4600653582 /* CustomViewControllerAnimatedTransitioning.swift */ = {isa = PBXFileReference; fileEncoding = 4; lastKnownFileType = sourcecode.swift; path = CustomViewControllerAnimatedTransitioning.swift; sourceTree = "<group>"; };
		30A6B6D61E96558700539C67 /* VideoEditor.app */ = {isa = PBXFileReference; explicitFileType = wrapper.application; includeInIndex = 0; path = VideoEditor.app; sourceTree = BUILT_PRODUCTS_DIR; };
		30A6B6D91E96558700539C67 /* AppDelegate.swift */ = {isa = PBXFileReference; lastKnownFileType = sourcecode.swift; path = AppDelegate.swift; sourceTree = "<group>"; };
		30A6B6E31E96558700539C67 /* Base */ = {isa = PBXFileReference; lastKnownFileType = file.storyboard; name = Base; path = Base.lproj/LaunchScreen.storyboard; sourceTree = "<group>"; };
		30A6B6E51E96558700539C67 /* Info.plist */ = {isa = PBXFileReference; lastKnownFileType = text.plist.xml; path = Info.plist; sourceTree = "<group>"; };
		30A6B6EB1E9655F200539C67 /* MainViewController.swift */ = {isa = PBXFileReference; fileEncoding = 4; lastKnownFileType = sourcecode.swift; path = MainViewController.swift; sourceTree = "<group>"; };
		30A6B6ED1E96920700539C67 /* VideoEditorViewController.swift */ = {isa = PBXFileReference; fileEncoding = 4; lastKnownFileType = sourcecode.swift; path = VideoEditorViewController.swift; sourceTree = "<group>"; };
		30A6B6EF1E9695BD00539C67 /* VideoPlayerView.swift */ = {isa = PBXFileReference; fileEncoding = 4; lastKnownFileType = sourcecode.swift; path = VideoPlayerView.swift; sourceTree = "<group>"; };
		30AC8F201E9A8FE00028A68E /* AVKit.framework */ = {isa = PBXFileReference; lastKnownFileType = wrapper.framework; name = AVKit.framework; path = System/Library/Frameworks/AVKit.framework; sourceTree = SDKROOT; };
		30AC8F221E9A8FE50028A68E /* AVFoundation.framework */ = {isa = PBXFileReference; lastKnownFileType = wrapper.framework; name = AVFoundation.framework; path = System/Library/Frameworks/AVFoundation.framework; sourceTree = SDKROOT; };
		30AC8F241E9A8FEC0028A68E /* MobileCoreServices.framework */ = {isa = PBXFileReference; lastKnownFileType = wrapper.framework; name = MobileCoreServices.framework; path = System/Library/Frameworks/MobileCoreServices.framework; sourceTree = SDKROOT; };
		30AC8F261E9A90020028A68E /* Photos.framework */ = {isa = PBXFileReference; lastKnownFileType = wrapper.framework; name = Photos.framework; path = System/Library/Frameworks/Photos.framework; sourceTree = SDKROOT; };
		30AC8F281E9A903B0028A68E /* UIKit.framework */ = {isa = PBXFileReference; lastKnownFileType = wrapper.framework; name = UIKit.framework; path = System/Library/Frameworks/UIKit.framework; sourceTree = SDKROOT; };
		30C83C4C1E99E4F60003E8DF /* EffectsView.swift */ = {isa = PBXFileReference; fileEncoding = 4; lastKnownFileType = sourcecode.swift; path = EffectsView.swift; sourceTree = "<group>"; };
		30C83C511E9A1A680003E8DF /* AddStickerView.swift */ = {isa = PBXFileReference; fileEncoding = 4; lastKnownFileType = sourcecode.swift; path = AddStickerView.swift; sourceTree = "<group>"; };
		30C83C531E9A25C10003E8DF /* PreviewStickerCollectionViewCell.swift */ = {isa = PBXFileReference; fileEncoding = 4; lastKnownFileType = sourcecode.swift; path = PreviewStickerCollectionViewCell.swift; sourceTree = "<group>"; };
		30C83C551E9A2ECF0003E8DF /* PreviewEffectsCollectionViewCell.swift */ = {isa = PBXFileReference; fileEncoding = 4; lastKnownFileType = sourcecode.swift; path = PreviewEffectsCollectionViewCell.swift; sourceTree = "<group>"; };
		30EFFBBC1E992E5B00EF7D82 /* AddTextView.swift */ = {isa = PBXFileReference; fileEncoding = 4; lastKnownFileType = sourcecode.swift; path = AddTextView.swift; sourceTree = "<group>"; };
		30EFFBBE1E99349200EF7D82 /* PreviewPositionCollectionViewCell.swift */ = {isa = PBXFileReference; fileEncoding = 4; lastKnownFileType = sourcecode.swift; path = PreviewPositionCollectionViewCell.swift; sourceTree = "<group>"; };
/* End PBXFileReference section */

/* Begin PBXFrameworksBuildPhase section */
		30A6B6D31E96558700539C67 /* Frameworks */ = {
			isa = PBXFrameworksBuildPhase;
			buildActionMask = 2147483647;
			files = (
				30AC8F291E9A903B0028A68E /* UIKit.framework in Frameworks */,
				30AC8F271E9A90020028A68E /* Photos.framework in Frameworks */,
				30AC8F251E9A8FEC0028A68E /* MobileCoreServices.framework in Frameworks */,
				30AC8F231E9A8FE50028A68E /* AVFoundation.framework in Frameworks */,
				30AC8F211E9A8FE00028A68E /* AVKit.framework in Frameworks */,
			);
			runOnlyForDeploymentPostprocessing = 0;
		};
/* End PBXFrameworksBuildPhase section */

/* Begin PBXGroup section */
		30A6B6CD1E96558700539C67 = {
			isa = PBXGroup;
			children = (
				30A6B6D81E96558700539C67 /* VideoEditor */,
				30A6B6D71E96558700539C67 /* Products */,
				30AC8F1F1E9A8FE00028A68E /* Frameworks */,
			);
			sourceTree = "<group>";
		};
		30A6B6D71E96558700539C67 /* Products */ = {
			isa = PBXGroup;
			children = (
				30A6B6D61E96558700539C67 /* VideoEditor.app */,
			);
			name = Products;
			sourceTree = "<group>";
		};
		30A6B6D81E96558700539C67 /* VideoEditor */ = {
			isa = PBXGroup;
			children = (
				30A6B6D91E96558700539C67 /* AppDelegate.swift */,
				30C83C481E99E2D40003E8DF /* EntranceScreen */,
				30C83C471E99E2B90003E8DF /* VideoEditorScreen */,
				300CEF201E977CD6007A6AF8 /* Assets.xcassets */,
				30A6B6E21E96558700539C67 /* LaunchScreen.storyboard */,
				30A6B6E51E96558700539C67 /* Info.plist */,
			);
			path = VideoEditor;
			sourceTree = "<group>";
		};
		30AC8F1F1E9A8FE00028A68E /* Frameworks */ = {
			isa = PBXGroup;
			children = (
				30AC8F281E9A903B0028A68E /* UIKit.framework */,
				30AC8F261E9A90020028A68E /* Photos.framework */,
				30AC8F241E9A8FEC0028A68E /* MobileCoreServices.framework */,
				30AC8F221E9A8FE50028A68E /* AVFoundation.framework */,
				30AC8F201E9A8FE00028A68E /* AVKit.framework */,
			);
			name = Frameworks;
			sourceTree = "<group>";
		};
		30C83C471E99E2B90003E8DF /* VideoEditorScreen */ = {
			isa = PBXGroup;
			children = (
				30A6B6ED1E96920700539C67 /* VideoEditorViewController.swift */,
				30A6B6EF1E9695BD00539C67 /* VideoPlayerView.swift */,
				300CEF241E97C18E007A6AF8 /* EditingToolTableViewCell.swift */,
				30C83C4B1E99E37B0003E8DF /* EffectsTool */,
				30C83C491E99E30C0003E8DF /* AddTextTool */,
				30C83C501E9A1A0B0003E8DF /* AddStickerTool */,
			);
			name = VideoEditorScreen;
			sourceTree = "<group>";
		};
		30C83C481E99E2D40003E8DF /* EntranceScreen */ = {
			isa = PBXGroup;
			children = (
				30A6B6EB1E9655F200539C67 /* MainViewController.swift */,
				30823E971E973D4600653582 /* CustomViewControllerAnimatedTransitioning.swift */,
			);
			name = EntranceScreen;
			sourceTree = "<group>";
		};
		30C83C491E99E30C0003E8DF /* AddTextTool */ = {
			isa = PBXGroup;
			children = (
				30EFFBBC1E992E5B00EF7D82 /* AddTextView.swift */,
				30EFFBBE1E99349200EF7D82 /* PreviewPositionCollectionViewCell.swift */,
			);
			name = AddTextTool;
			sourceTree = "<group>";
		};
		30C83C4B1E99E37B0003E8DF /* EffectsTool */ = {
			isa = PBXGroup;
			children = (
				30C83C4C1E99E4F60003E8DF /* EffectsView.swift */,
				30C83C551E9A2ECF0003E8DF /* PreviewEffectsCollectionViewCell.swift */,
			);
			name = EffectsTool;
			sourceTree = "<group>";
		};
		30C83C501E9A1A0B0003E8DF /* AddStickerTool */ = {
			isa = PBXGroup;
			children = (
				30C83C511E9A1A680003E8DF /* AddStickerView.swift */,
				30C83C531E9A25C10003E8DF /* PreviewStickerCollectionViewCell.swift */,
			);
			name = AddStickerTool;
			sourceTree = "<group>";
		};
/* End PBXGroup section */

/* Begin PBXNativeTarget section */
		30A6B6D51E96558700539C67 /* VideoEditor */ = {
			isa = PBXNativeTarget;
			buildConfigurationList = 30A6B6E81E96558700539C67 /* Build configuration list for PBXNativeTarget "VideoEditor" */;
			buildPhases = (
				30A6B6D21E96558700539C67 /* Sources */,
				30A6B6D31E96558700539C67 /* Frameworks */,
				30A6B6D41E96558700539C67 /* Resources */,
			);
			buildRules = (
			);
			dependencies = (
			);
			name = VideoEditor;
			productName = VideoEditor;
			productReference = 30A6B6D61E96558700539C67 /* VideoEditor.app */;
			productType = "com.apple.product-type.application";
		};
/* End PBXNativeTarget section */

/* Begin PBXProject section */
		30A6B6CE1E96558700539C67 /* Project object */ = {
			isa = PBXProject;
			attributes = {
				LastSwiftUpdateCheck = 0830;
				LastUpgradeCheck = 0830;
				ORGANIZATIONNAME = "Thai Cao Ngoc";
				TargetAttributes = {
					30A6B6D51E96558700539C67 = {
						CreatedOnToolsVersion = 8.3;
						ProvisioningStyle = Automatic;
					};
				};
			};
			buildConfigurationList = 30A6B6D11E96558700539C67 /* Build configuration list for PBXProject "VideoEditor" */;
			compatibilityVersion = "Xcode 3.2";
			developmentRegion = English;
			hasScannedForEncodings = 0;
			knownRegions = (
				en,
				Base,
			);
			mainGroup = 30A6B6CD1E96558700539C67;
			productRefGroup = 30A6B6D71E96558700539C67 /* Products */;
			projectDirPath = "";
			projectRoot = "";
			targets = (
				30A6B6D51E96558700539C67 /* VideoEditor */,
			);
		};
/* End PBXProject section */

/* Begin PBXResourcesBuildPhase section */
		30A6B6D41E96558700539C67 /* Resources */ = {
			isa = PBXResourcesBuildPhase;
			buildActionMask = 2147483647;
			files = (
				300CEF211E977CD7007A6AF8 /* Assets.xcassets in Resources */,
				30A6B6E41E96558700539C67 /* LaunchScreen.storyboard in Resources */,
			);
			runOnlyForDeploymentPostprocessing = 0;
		};
/* End PBXResourcesBuildPhase section */

/* Begin PBXSourcesBuildPhase section */
		30A6B6D21E96558700539C67 /* Sources */ = {
			isa = PBXSourcesBuildPhase;
			buildActionMask = 2147483647;
			files = (
				30823E981E973D4600653582 /* CustomViewControllerAnimatedTransitioning.swift in Sources */,
				30A6B6DA1E96558700539C67 /* AppDelegate.swift in Sources */,
				30C83C541E9A25C10003E8DF /* PreviewStickerCollectionViewCell.swift in Sources */,
				30C83C4D1E99E4F60003E8DF /* EffectsView.swift in Sources */,
				30A6B6EE1E96920700539C67 /* VideoEditorViewController.swift in Sources */,
				30EFFBBF1E99349200EF7D82 /* PreviewPositionCollectionViewCell.swift in Sources */,
				30C83C561E9A2ECF0003E8DF /* PreviewEffectsCollectionViewCell.swift in Sources */,
				30A6B6EC1E9655F200539C67 /* MainViewController.swift in Sources */,
				30EFFBBD1E992E5B00EF7D82 /* AddTextView.swift in Sources */,
				300CEF251E97C18E007A6AF8 /* EditingToolTableViewCell.swift in Sources */,
				30A6B6F01E9695BD00539C67 /* VideoPlayerView.swift in Sources */,
				30C83C521E9A1A680003E8DF /* AddStickerView.swift in Sources */,
			);
			runOnlyForDeploymentPostprocessing = 0;
		};
/* End PBXSourcesBuildPhase section */

/* Begin PBXVariantGroup section */
		30A6B6E21E96558700539C67 /* LaunchScreen.storyboard */ = {
			isa = PBXVariantGroup;
			children = (
				30A6B6E31E96558700539C67 /* Base */,
			);
			name = LaunchScreen.storyboard;
			sourceTree = "<group>";
		};
/* End PBXVariantGroup section */

/* Begin XCBuildConfiguration section */
		30A6B6E61E96558700539C67 /* Debug */ = {
			isa = XCBuildConfiguration;
			buildSettings = {
				ALWAYS_SEARCH_USER_PATHS = NO;
				CLANG_ANALYZER_NONNULL = YES;
				CLANG_ANALYZER_NUMBER_OBJECT_CONVERSION = YES_AGGRESSIVE;
				CLANG_CXX_LANGUAGE_STANDARD = "gnu++0x";
				CLANG_CXX_LIBRARY = "libc++";
				CLANG_ENABLE_MODULES = YES;
				CLANG_ENABLE_OBJC_ARC = YES;
				CLANG_WARN_BOOL_CONVERSION = YES;
				CLANG_WARN_CONSTANT_CONVERSION = YES;
				CLANG_WARN_DIRECT_OBJC_ISA_USAGE = YES_ERROR;
				CLANG_WARN_DOCUMENTATION_COMMENTS = YES;
				CLANG_WARN_EMPTY_BODY = YES;
				CLANG_WARN_ENUM_CONVERSION = YES;
				CLANG_WARN_INFINITE_RECURSION = YES;
				CLANG_WARN_INT_CONVERSION = YES;
				CLANG_WARN_OBJC_ROOT_CLASS = YES_ERROR;
				CLANG_WARN_SUSPICIOUS_MOVE = YES;
				CLANG_WARN_UNREACHABLE_CODE = YES;
				CLANG_WARN__DUPLICATE_METHOD_MATCH = YES;
				"CODE_SIGN_IDENTITY[sdk=iphoneos*]" = "iPhone Developer";
				COPY_PHASE_STRIP = NO;
				DEBUG_ACTIVITY_MODE = "";
				DEBUG_INFORMATION_FORMAT = dwarf;
				ENABLE_STRICT_OBJC_MSGSEND = YES;
				ENABLE_TESTABILITY = YES;
				GCC_C_LANGUAGE_STANDARD = gnu99;
				GCC_DYNAMIC_NO_PIC = NO;
				GCC_NO_COMMON_BLOCKS = YES;
				GCC_OPTIMIZATION_LEVEL = 0;
				GCC_PREPROCESSOR_DEFINITIONS = (
					"DEBUG=1",
					"$(inherited)",
				);
				GCC_WARN_64_TO_32_BIT_CONVERSION = YES;
				GCC_WARN_ABOUT_RETURN_TYPE = YES_ERROR;
				GCC_WARN_UNDECLARED_SELECTOR = YES;
				GCC_WARN_UNINITIALIZED_AUTOS = YES_AGGRESSIVE;
				GCC_WARN_UNUSED_FUNCTION = YES;
				GCC_WARN_UNUSED_VARIABLE = YES;
				IPHONEOS_DEPLOYMENT_TARGET = 10.3;
				MTL_ENABLE_DEBUG_INFO = YES;
				"MTL_ENABLE_DEBUG_INFO[sdk=iphonesimulator*]" = disable;
				ONLY_ACTIVE_ARCH = YES;
				SDKROOT = iphoneos;
				SWIFT_ACTIVE_COMPILATION_CONDITIONS = DEBUG;
				SWIFT_OPTIMIZATION_LEVEL = "-Onone";
			};
			name = Debug;
		};
		30A6B6E71E96558700539C67 /* Release */ = {
			isa = XCBuildConfiguration;
			buildSettings = {
				ALWAYS_SEARCH_USER_PATHS = NO;
				CLANG_ANALYZER_NONNULL = YES;
				CLANG_ANALYZER_NUMBER_OBJECT_CONVERSION = YES_AGGRESSIVE;
				CLANG_CXX_LANGUAGE_STANDARD = "gnu++0x";
				CLANG_CXX_LIBRARY = "libc++";
				CLANG_ENABLE_MODULES = YES;
				CLANG_ENABLE_OBJC_ARC = YES;
				CLANG_WARN_BOOL_CONVERSION = YES;
				CLANG_WARN_CONSTANT_CONVERSION = YES;
				CLANG_WARN_DIRECT_OBJC_ISA_USAGE = YES_ERROR;
				CLANG_WARN_DOCUMENTATION_COMMENTS = YES;
				CLANG_WARN_EMPTY_BODY = YES;
				CLANG_WARN_ENUM_CONVERSION = YES;
				CLANG_WARN_INFINITE_RECURSION = YES;
				CLANG_WARN_INT_CONVERSION = YES;
				CLANG_WARN_OBJC_ROOT_CLASS = YES_ERROR;
				CLANG_WARN_SUSPICIOUS_MOVE = YES;
				CLANG_WARN_UNREACHABLE_CODE = YES;
				CLANG_WARN__DUPLICATE_METHOD_MATCH = YES;
				"CODE_SIGN_IDENTITY[sdk=iphoneos*]" = "iPhone Developer";
				COPY_PHASE_STRIP = NO;
				DEBUG_ACTIVITY_MODE = "";
				DEBUG_INFORMATION_FORMAT = "dwarf-with-dsym";
				ENABLE_NS_ASSERTIONS = NO;
				ENABLE_STRICT_OBJC_MSGSEND = YES;
				GCC_C_LANGUAGE_STANDARD = gnu99;
				GCC_NO_COMMON_BLOCKS = YES;
				GCC_WARN_64_TO_32_BIT_CONVERSION = YES;
				GCC_WARN_ABOUT_RETURN_TYPE = YES_ERROR;
				GCC_WARN_UNDECLARED_SELECTOR = YES;
				GCC_WARN_UNINITIALIZED_AUTOS = YES_AGGRESSIVE;
				GCC_WARN_UNUSED_FUNCTION = YES;
				GCC_WARN_UNUSED_VARIABLE = YES;
				IPHONEOS_DEPLOYMENT_TARGET = 10.3;
				MTL_ENABLE_DEBUG_INFO = NO;
				SDKROOT = iphoneos;
				SWIFT_OPTIMIZATION_LEVEL = "-Owholemodule";
				VALIDATE_PRODUCT = YES;
			};
			name = Release;
		};
		30A6B6E91E96558700539C67 /* Debug */ = {
			isa = XCBuildConfiguration;
			buildSettings = {
				ASSETCATALOG_COMPILER_APPICON_NAME = AppIcon;
				INFOPLIST_FILE = VideoEditor/Info.plist;
				LD_RUNPATH_SEARCH_PATHS = "$(inherited) @executable_path/Frameworks";
				PRODUCT_BUNDLE_IDENTIFIER = "Thai-Cao-Ngoc.VideoEditor";
				PRODUCT_NAME = "$(TARGET_NAME)";
				SWIFT_VERSION = 3.0;
			};
			name = Debug;
		};
		30A6B6EA1E96558700539C67 /* Release */ = {
			isa = XCBuildConfiguration;
			buildSettings = {
				ASSETCATALOG_COMPILER_APPICON_NAME = AppIcon;
				INFOPLIST_FILE = VideoEditor/Info.plist;
				LD_RUNPATH_SEARCH_PATHS = "$(inherited) @executable_path/Frameworks";
				PRODUCT_BUNDLE_IDENTIFIER = "Thai-Cao-Ngoc.VideoEditor";
				PRODUCT_NAME = "$(TARGET_NAME)";
				SWIFT_VERSION = 3.0;
			};
			name = Release;
		};
/* End XCBuildConfiguration section */

/* Begin XCConfigurationList section */
		30A6B6D11E96558700539C67 /* Build configuration list for PBXProject "VideoEditor" */ = {
			isa = XCConfigurationList;
			buildConfigurations = (
				30A6B6E61E96558700539C67 /* Debug */,
				30A6B6E71E96558700539C67 /* Release */,
			);
			defaultConfigurationIsVisible = 0;
			defaultConfigurationName = Release;
		};
		30A6B6E81E96558700539C67 /* Build configuration list for PBXNativeTarget "VideoEditor" */ = {
			isa = XCConfigurationList;
			buildConfigurations = (
				30A6B6E91E96558700539C67 /* Debug */,
				30A6B6EA1E96558700539C67 /* Release */,
			);
			defaultConfigurationIsVisible = 0;
			defaultConfigurationName = Release;
		};
/* End XCConfigurationList section */
	};
	rootObject = 30A6B6CE1E96558700539C67 /* Project object */;
}
